
Microsoft Visual Studio Solution File, Format Version 12.00
# Visual Studio Version 16
VisualStudioVersion = 16.0.30204.135
MinimumVisualStudioVersion = 10.0.40219.1
Project("{FAE04EC0-301F-11D3-BF4B-00C04F79EFBC}") = "DummyImg", "DummyImg\DummyImg.csproj", "{BFFC3AB6-4A05-4405-9AD2-D399A41D4380}"
EndProject
Global
	GlobalSection(SolutionConfigurationPlatforms) = preSolution
		Debug|Any CPU = Debug|Any CPU
		Release|Any CPU = Release|Any CPU
	EndGlobalSection
	GlobalSection(ProjectConfigurationPlatforms) = postSolution
		{BFFC3AB6-4A05-4405-9AD2-D399A41D4380}.Debug|Any CPU.ActiveCfg = Debug|Any CPU
		{BFFC3AB6-4A05-4405-9AD2-D399A41D4380}.Debug|Any CPU.Build.0 = Debug|Any CPU
		{BFFC3AB6-4A05-4405-9AD2-D399A41D4380}.Release|Any CPU.ActiveCfg = Release|Any CPU
		{BFFC3AB6-4A05-4405-9AD2-D399A41D4380}.Release|Any CPU.Build.0 = Release|Any CPU
	EndGlobalSection
	GlobalSection(SolutionProperties) = preSolution
		HideSolutionNode = FALSE
	EndGlobalSection
	GlobalSection(ExtensibilityGlobals) = postSolution
		SolutionGuid = {2F128DC2-68A9-4273-8E66-C2F97B80A478}
	EndGlobalSection
EndGlobal
